
Microsoft Visual Studio Solution File, Format Version 12.00
# Visual Studio Version 16
VisualStudioVersion = 16.0.30114.105
MinimumVisualStudioVersion = 10.0.40219.1
Project("{FAE04EC0-301F-11D3-BF4B-00C04F79EFBC}") = "Checklist.WebSite", "Checklist.WebSite\Checklist.WebSite.csproj", "{C1E20204-9357-4156-B40B-9C5D13087293}"
EndProject
Global
	GlobalSection(SolutionConfigurationPlatforms) = preSolution
		Debug|Any CPU = Debug|Any CPU
		Release|Any CPU = Release|Any CPU
	EndGlobalSection
	GlobalSection(ProjectConfigurationPlatforms) = postSolution
		{C1E20204-9357-4156-B40B-9C5D13087293}.Debug|Any CPU.ActiveCfg = Debug|Any CPU
		{C1E20204-9357-4156-B40B-9C5D13087293}.Debug|Any CPU.Build.0 = Debug|Any CPU
		{C1E20204-9357-4156-B40B-9C5D13087293}.Release|Any CPU.ActiveCfg = Release|Any CPU
		{C1E20204-9357-4156-B40B-9C5D13087293}.Release|Any CPU.Build.0 = Release|Any CPU
	EndGlobalSection
	GlobalSection(SolutionProperties) = preSolution
		HideSolutionNode = FALSE
	EndGlobalSection
	GlobalSection(ExtensibilityGlobals) = postSolution
		SolutionGuid = {B7D8DD31-5080-454D-9309-E17F103EE5A5}
	EndGlobalSection
EndGlobal
